{
  "name": "jungschar",
  "lockfileVersion": 2,
  "requires": true,
  "packages": {
    "": {
      "devDependencies": {
        "@windicss/plugin-heropatterns": "^0.0.8",
        "@windicss/plugin-icons": "^1.0.2",
        "daisyui": "latest",
        "windicss": "latest"
      }
    },
    "node_modules/@windicss/plugin-heropatterns": {
      "version": "0.0.8",
      "resolved": "https://registry.npmjs.org/@windicss/plugin-heropatterns/-/plugin-heropatterns-0.0.8.tgz",
      "integrity": "sha512-HaDXY9arOiscyEO6YJl3L/VU8nMHaLxg2nZKfnv+4L+BnSCcaoeAtmI7WbG6YV7amZcN6RZPvXSCHyUh9u+EyA==",
      "dev": true,
      "dependencies": {
        "lodash": "^4.17.11"
      }
    },
    "node_modules/@windicss/plugin-icons": {
      "version": "1.0.2",
      "resolved": "https://registry.npmjs.org/@windicss/plugin-icons/-/plugin-icons-1.0.2.tgz",
      "integrity": "sha512-PN6+y9TwEFQn+x6hmCUbCH2YzCfLyImcgQZQQAZ3kCZvqvZDyfKgS9TuhHY1Y0vp12lO6ULFUWpH6YIVGOPM6A==",
      "dev": true
    },
    "node_modules/daisyui": {
      "version": "1.14.7",
      "resolved": "https://registry.npmjs.org/daisyui/-/daisyui-1.14.7.tgz",
      "integrity": "sha512-ojZfuYUmY324lnAQou6JBMj1fXGKMZ/uxUWJaLClSCSXZ3r5nRleeEYPGBoXdjr71tVTZWZpHI8mny4qZzvOow==",
      "dev": true
    },
    "node_modules/lodash": {
      "version": "4.17.21",
      "resolved": "https://registry.npmjs.org/lodash/-/lodash-4.17.21.tgz",
      "integrity": "sha512-v2kDEe57lecTulaDIuNTPy3Ry4gLGJ6Z1O3vE1krgXZNrsQ+LFTGHVxVjcXPs17LhbZVGedAJv8XZ1tvj5FvSg==",
      "dev": true
    },
    "node_modules/windicss": {
      "version": "3.1.9",
      "resolved": "https://registry.npmjs.org/windicss/-/windicss-3.1.9.tgz",
      "integrity": "sha512-5YoKvXeCQXIdwc91BoOgpKbIImr2JS8I14rPMa/5dKDDPA4ot3NgICWKELkml39R/8rn4Q0BVUUTqN+w+hjDSA==",
      "dev": true,
      "bin": {
        "windicss": "cli/index.js"
      },
      "engines": {
        "node": ">= 12"
      }
    }
  },
  "dependencies": {
    "@windicss/plugin-heropatterns": {
      "version": "0.0.8",
      "resolved": "https://registry.npmjs.org/@windicss/plugin-heropatterns/-/plugin-heropatterns-0.0.8.tgz",
      "integrity": "sha512-HaDXY9arOiscyEO6YJl3L/VU8nMHaLxg2nZKfnv+4L+BnSCcaoeAtmI7WbG6YV7amZcN6RZPvXSCHyUh9u+EyA==",
      "dev": true,
      "requires": {
        "lodash": "^4.17.11"
      }
    },
    "@windicss/plugin-icons": {
      "version": "1.0.2",
      "resolved": "https://registry.npmjs.org/@windicss/plugin-icons/-/plugin-icons-1.0.2.tgz",
      "integrity": "sha512-PN6+y9TwEFQn+x6hmCUbCH2YzCfLyImcgQZQQAZ3kCZvqvZDyfKgS9TuhHY1Y0vp12lO6ULFUWpH6YIVGOPM6A==",
      "dev": true
    },
    "daisyui": {
      "version": "1.14.7",
      "resolved": "https://registry.npmjs.org/daisyui/-/daisyui-1.14.7.tgz",
      "integrity": "sha512-ojZfuYUmY324lnAQou6JBMj1fXGKMZ/uxUWJaLClSCSXZ3r5nRleeEYPGBoXdjr71tVTZWZpHI8mny4qZzvOow==",
      "dev": true
    },
    "lodash": {
      "version": "4.17.21",
      "resolved": "https://registry.npmjs.org/lodash/-/lodash-4.17.21.tgz",
      "integrity": "sha512-v2kDEe57lecTulaDIuNTPy3Ry4gLGJ6Z1O3vE1krgXZNrsQ+LFTGHVxVjcXPs17LhbZVGedAJv8XZ1tvj5FvSg==",
      "dev": true
    },
    "windicss": {
      "version": "3.1.9",
      "resolved": "https://registry.npmjs.org/windicss/-/windicss-3.1.9.tgz",
      "integrity": "sha512-5YoKvXeCQXIdwc91BoOgpKbIImr2JS8I14rPMa/5dKDDPA4ot3NgICWKELkml39R/8rn4Q0BVUUTqN+w+hjDSA==",
      "dev": true
    }
  }
}
